
Microsoft Visual Studio Solution File, Format Version 12.00
# Visual Studio Version 17
VisualStudioVersion = 17.3.32929.385
MinimumVisualStudioVersion = 10.0.40219.1
Project("{FAE04EC0-301F-11D3-BF4B-00C04F79EFBC}") = "ihm_formulaire_compte", "ihm_formulaire_compte\ihm_formulaire_compte.csproj", "{AD382C93-9FC0-40D7-8D44-BAE2F1D2E1B7}"
EndProject
Global
	GlobalSection(SolutionConfigurationPlatforms) = preSolution
		Debug|Any CPU = Debug|Any CPU
		Release|Any CPU = Release|Any CPU
	EndGlobalSection
	GlobalSection(ProjectConfigurationPlatforms) = postSolution
		{AD382C93-9FC0-40D7-8D44-BAE2F1D2E1B7}.Debug|Any CPU.ActiveCfg = Debug|Any CPU
		{AD382C93-9FC0-40D7-8D44-BAE2F1D2E1B7}.Debug|Any CPU.Build.0 = Debug|Any CPU
		{AD382C93-9FC0-40D7-8D44-BAE2F1D2E1B7}.Release|Any CPU.ActiveCfg = Release|Any CPU
		{AD382C93-9FC0-40D7-8D44-BAE2F1D2E1B7}.Release|Any CPU.Build.0 = Release|Any CPU
	EndGlobalSection
	GlobalSection(SolutionProperties) = preSolution
		HideSolutionNode = FALSE
	EndGlobalSection
	GlobalSection(ExtensibilityGlobals) = postSolution
		SolutionGuid = {CAA78C32-3A89-4F00-8D67-6879698FBDC5}
	EndGlobalSection
EndGlobal
